
Microsoft Visual Studio Solution File, Format Version 12.00
# Visual Studio 15
VisualStudioVersion = 15.0.28010.2019
MinimumVisualStudioVersion = 10.0.40219.1
Project("{FAE04EC0-301F-11D3-BF4B-00C04F79EFBC}") = "TeduShop.Common", "TeduShop.Common\TeduShop.Common.csproj", "{40892424-D4D2-4F03-97E4-EE0E2BD6A1CD}"
EndProject
Project("{FAE04EC0-301F-11D3-BF4B-00C04F79EFBC}") = "TeduShop.Model", "TeduShop.Model\TeduShop.Model.csproj", "{EF5D0F0B-6D75-4D61-9A5D-62DB02E1D085}"
EndProject
Project("{FAE04EC0-301F-11D3-BF4B-00C04F79EFBC}") = "TeduShop.Data", "TeduShop.Data\TeduShop.Data.csproj", "{10A4F23D-29B1-463E-A50C-FDF3CFD1A78C}"
EndProject
Project("{FAE04EC0-301F-11D3-BF4B-00C04F79EFBC}") = "TeduShop.Service", "TeduShop.Service\TeduShop.Service.csproj", "{A9414335-3F02-42D0-82EE-5BACEA930150}"
EndProject
Project("{FAE04EC0-301F-11D3-BF4B-00C04F79EFBC}") = "TeduShop.UnitTest", "TeduShop.UnitTest\TeduShop.UnitTest.csproj", "{538284EA-0920-4059-BA67-7F88134F5979}"
EndProject
Project("{FAE04EC0-301F-11D3-BF4B-00C04F79EFBC}") = "TeduShop.Web", "TeduShop.Web\TeduShop.Web.csproj", "{AA9B2564-3D56-4F49-AC8E-D1547E8349C6}"
EndProject
Global
	GlobalSection(SolutionConfigurationPlatforms) = preSolution
		Debug|Any CPU = Debug|Any CPU
		Release|Any CPU = Release|Any CPU
	EndGlobalSection
	GlobalSection(ProjectConfigurationPlatforms) = postSolution
		{40892424-D4D2-4F03-97E4-EE0E2BD6A1CD}.Debug|Any CPU.ActiveCfg = Debug|Any CPU
		{40892424-D4D2-4F03-97E4-EE0E2BD6A1CD}.Debug|Any CPU.Build.0 = Debug|Any CPU
		{40892424-D4D2-4F03-97E4-EE0E2BD6A1CD}.Release|Any CPU.ActiveCfg = Release|Any CPU
		{40892424-D4D2-4F03-97E4-EE0E2BD6A1CD}.Release|Any CPU.Build.0 = Release|Any CPU
		{EF5D0F0B-6D75-4D61-9A5D-62DB02E1D085}.Debug|Any CPU.ActiveCfg = Debug|Any CPU
		{EF5D0F0B-6D75-4D61-9A5D-62DB02E1D085}.Debug|Any CPU.Build.0 = Debug|Any CPU
		{EF5D0F0B-6D75-4D61-9A5D-62DB02E1D085}.Release|Any CPU.ActiveCfg = Release|Any CPU
		{EF5D0F0B-6D75-4D61-9A5D-62DB02E1D085}.Release|Any CPU.Build.0 = Release|Any CPU
		{10A4F23D-29B1-463E-A50C-FDF3CFD1A78C}.Debug|Any CPU.ActiveCfg = Debug|Any CPU
		{10A4F23D-29B1-463E-A50C-FDF3CFD1A78C}.Debug|Any CPU.Build.0 = Debug|Any CPU
		{10A4F23D-29B1-463E-A50C-FDF3CFD1A78C}.Release|Any CPU.ActiveCfg = Release|Any CPU
		{10A4F23D-29B1-463E-A50C-FDF3CFD1A78C}.Release|Any CPU.Build.0 = Release|Any CPU
		{A9414335-3F02-42D0-82EE-5BACEA930150}.Debug|Any CPU.ActiveCfg = Debug|Any CPU
		{A9414335-3F02-42D0-82EE-5BACEA930150}.Debug|Any CPU.Build.0 = Debug|Any CPU
		{A9414335-3F02-42D0-82EE-5BACEA930150}.Release|Any CPU.ActiveCfg = Release|Any CPU
		{A9414335-3F02-42D0-82EE-5BACEA930150}.Release|Any CPU.Build.0 = Release|Any CPU
		{538284EA-0920-4059-BA67-7F88134F5979}.Debug|Any CPU.ActiveCfg = Debug|Any CPU
		{538284EA-0920-4059-BA67-7F88134F5979}.Debug|Any CPU.Build.0 = Debug|Any CPU
		{538284EA-0920-4059-BA67-7F88134F5979}.Release|Any CPU.ActiveCfg = Release|Any CPU
		{538284EA-0920-4059-BA67-7F88134F5979}.Release|Any CPU.Build.0 = Release|Any CPU
		{AA9B2564-3D56-4F49-AC8E-D1547E8349C6}.Debug|Any CPU.ActiveCfg = Debug|Any CPU
		{AA9B2564-3D56-4F49-AC8E-D1547E8349C6}.Debug|Any CPU.Build.0 = Debug|Any CPU
		{AA9B2564-3D56-4F49-AC8E-D1547E8349C6}.Release|Any CPU.ActiveCfg = Release|Any CPU
		{AA9B2564-3D56-4F49-AC8E-D1547E8349C6}.Release|Any CPU.Build.0 = Release|Any CPU
	EndGlobalSection
	GlobalSection(SolutionProperties) = preSolution
		HideSolutionNode = FALSE
	EndGlobalSection
	GlobalSection(ExtensibilityGlobals) = postSolution
		SolutionGuid = {C9DFF814-811F-4AFF-B01C-60F419922D80}
	EndGlobalSection
EndGlobal
